
Microsoft Visual Studio Solution File, Format Version 12.00
# Visual Studio Version 16
VisualStudioVersion = 16.0.29613.14
MinimumVisualStudioVersion = 10.0.40219.1
Project("{FAE04EC0-301F-11D3-BF4B-00C04F79EFBC}") = "ConsoleApp3", "ConsoleApp3\ConsoleApp3.csproj", "{60B46130-8404-4B08-8335-FA8729494D8C}"
EndProject
Global
	GlobalSection(SolutionConfigurationPlatforms) = preSolution
		Debug|Any CPU = Debug|Any CPU
		Release|Any CPU = Release|Any CPU
	EndGlobalSection
	GlobalSection(ProjectConfigurationPlatforms) = postSolution
		{60B46130-8404-4B08-8335-FA8729494D8C}.Debug|Any CPU.ActiveCfg = Debug|Any CPU
		{60B46130-8404-4B08-8335-FA8729494D8C}.Debug|Any CPU.Build.0 = Debug|Any CPU
		{60B46130-8404-4B08-8335-FA8729494D8C}.Release|Any CPU.ActiveCfg = Release|Any CPU
		{60B46130-8404-4B08-8335-FA8729494D8C}.Release|Any CPU.Build.0 = Release|Any CPU
	EndGlobalSection
	GlobalSection(SolutionProperties) = preSolution
		HideSolutionNode = FALSE
	EndGlobalSection
	GlobalSection(ExtensibilityGlobals) = postSolution
		SolutionGuid = {33E8586F-E385-4DAF-82F2-9BE395B45BB5}
	EndGlobalSection
EndGlobal
